
Microsoft Visual Studio Solution File, Format Version 12.00
# Visual Studio 15
VisualStudioVersion = 15.0.27703.2026
MinimumVisualStudioVersion = 10.0.40219.1
Project("{FAE04EC0-301F-11D3-BF4B-00C04F79EFBC}") = "UploadBlobs", "UploadBlobs\UploadBlobs.csproj", "{3C6CB881-376A-46F2-A5E8-73E18EB70686}"
EndProject
Global
	GlobalSection(SolutionConfigurationPlatforms) = preSolution
		Debug|Any CPU = Debug|Any CPU
		Release|Any CPU = Release|Any CPU
	EndGlobalSection
	GlobalSection(ProjectConfigurationPlatforms) = postSolution
		{3C6CB881-376A-46F2-A5E8-73E18EB70686}.Debug|Any CPU.ActiveCfg = Debug|Any CPU
		{3C6CB881-376A-46F2-A5E8-73E18EB70686}.Debug|Any CPU.Build.0 = Debug|Any CPU
		{3C6CB881-376A-46F2-A5E8-73E18EB70686}.Release|Any CPU.ActiveCfg = Release|Any CPU
		{3C6CB881-376A-46F2-A5E8-73E18EB70686}.Release|Any CPU.Build.0 = Release|Any CPU
	EndGlobalSection
	GlobalSection(SolutionProperties) = preSolution
		HideSolutionNode = FALSE
	EndGlobalSection
	GlobalSection(ExtensibilityGlobals) = postSolution
		SolutionGuid = {A50D63D1-CC49-4CEF-8974-5A2DC5AC2684}
	EndGlobalSection
EndGlobal
